{
  "name": "counter-mobile",
  "version": "1.0.0",
  "lockfileVersion": 3,
  "requires": true,
  "packages": {
    "": {
      "name": "counter-mobile",
      "version": "1.0.0",
      "dependencies": {
        "@solana-mobile/mobile-wallet-adapter-protocol": "^2.1.4",
        "@solana-mobile/mobile-wallet-adapter-protocol-web3js": "^2.1.4",
        "@solana/kit": "^8.3.0",
        "@solana/spl-token": "^0.4.14",
        "@solana/web3.js": "^1.98.0",
        "bs58": "^6.0.0",
        "buffer": "^6.0.3",
        "expo": "~52.0.0",
        "expo-asset": "^11.0.4",
        "expo-linking": "~7.0.5",
        "expo-modules-core": "~2.2.0",
        "expo-secure-store": "~14.0.0",
        "expo-status-bar": "~2.0.1",
        "react": "18.3.1",
        "react-native": "0.76.7",
        "react-native-get-random-values": "^1.11.0",
        "react-native-svg": "15.8.0",
        "react-native-url-polyfill": "^2.0.0"
      },
      "devDependencies": {
        "@expo/metro-config": "^57.0.12",
        "@react-native-community/cli": "15.0.1",
        "@types/react": "~18.3.31",
        "metro": "^0.81.0",
        "metro-core": "^0.81.0",
        "typescript": "~5.3.3"
      }
    },
    "../../../node_modules/.pnpm/@expo+metro-config@57.0.12__87d1065ab9a3e676b7567a6e446a6ff7/node_modules/@expo/metro-config": {
      "version": "57.0.12",
      "dev": true,
      "license": "MIT",
      "dependencies": {
        "@babel/code-frame": "^7.20.0",
        "@babel/core": "^7.20.0",
        "@babel/generator": "^7.20.5",
        "@expo/config": "~57.0.9",
        "@expo/env": "~2.4.3",
        "@expo/json-file": "~11.0.1",
        "@expo/metro": "~56.0.2",
        "@expo/require-utils": "^57.0.5",
        "@expo/spawn-async": "^1.8.0",
        "@jridgewell/gen-mapping": "^0.3.13",
        "@jridgewell/remapping": "^2.3.5",
        "@jridgewell/sourcemap-codec": "^1.5.5",
        "browserslist": "^4.25.0",
        "chalk": "^4.1.0",
        "debug": "^4.3.2",
        "getenv": "^2.0.0",
        "glob": "^13.0.0",
        "hermes-parser": "^0.36.0",
        "jsc-safe-url": "^0.2.4",
        "lightningcss": "^1.30.1",
        "picomatch": "^4.0.4",
        "postcss": "^8.5.14",
        "resolve-from": "^5.0.0"
      },
      "devDependencies": {
        "@jridgewell/trace-mapping": "^0.3.31",
        "@types/babel__code-frame": "^7.0.1",
        "@types/babel__core": "^7.20.5",
        "@types/babel__generator": "^7.27.0",
        "@types/getenv": "^1.0.0",
        "@types/picomatch": "^4.0.2",
        "dedent": "^1.5.3",
        "expo": "57.0.18",
        "expo-module-scripts": "56.0.3",
        "metro-minify-terser": "^0.84.2",
        "sass": "^1.60.0"
      },
      "peerDependencies": {
        "expo": "*"
      },
      "peerDependenciesMeta": {
        "expo": {
          "optional": true
        }
      }
    },
    "../../../node_modules/.pnpm/@react-native-community+cli_65c3f391314a302a822c46a297fda88d/node_modules/@react-native-community/cli": {
      "version": "15.0.1",
      "dev": true,
      "license": "MIT",
      "dependencies": {
        "@react-native-community/cli-clean": "15.0.1",
        "@react-native-community/cli-config": "15.0.1",
        "@react-native-community/cli-debugger-ui": "15.0.1",
        "@react-native-community/cli-doctor": "15.0.1",
        "@react-native-community/cli-server-api": "15.0.1",
        "@react-native-community/cli-tools": "15.0.1",
        "@react-native-community/cli-types": "15.0.1",
        "chalk": "^4.1.2",
        "commander": "^9.4.1",
        "deepmerge": "^4.3.0",
        "execa": "^5.0.0",
        "find-up": "^5.0.0",
        "fs-extra": "^8.1.0",
        "graceful-fs": "^4.1.3",
        "prompts": "^2.4.2",
        "semver": "^7.5.2"
      },
      "bin": {
        "rnc-cli": "build/bin.js"
      },
      "devDependencies": {
        "@types/fs-extra": "^8.1.0",
        "@types/graceful-fs": "^4.1.3",
        "@types/hapi__joi": "^17.1.6",
        "@types/prompts": "^2.4.4",
        "@types/semver": "^6.0.2",
        "slash": "^3.0.0",
        "snapshot-diff": "^0.7.0"
      },
      "engines": {
        "node": ">=18"
      }
    },
    "../../../node_modules/.pnpm/@solana-mobile+mobile-walle_34ae263a63bac029a658f1a69f8ab50f/node_modules/@solana-mobile/mobile-wallet-adapter-protocol-web3js": {
      "version": "2.3.0",
      "license": "Apache-2.0",
      "dependencies": {
        "@solana-mobile/mobile-wallet-adapter-protocol": "^2.3.0"
      },
      "devDependencies": {
        "@solana/web3.js": "^1.98.4",
        "agadoo": "^3.0.0",
        "cross-env": "^10.1.0",
        "shx": "^0.4.0"
      },
      "peerDependencies": {
        "@solana/web3.js": "^1.98.4"
      }
    },
    "../../../node_modules/.pnpm/@solana-mobile+mobile-walle_f4be9704db7173d5fcd0218a37540168/node_modules/@solana-mobile/mobile-wallet-adapter-protocol": {
      "version": "2.3.0",
      "license": "Apache-2.0",
      "dependencies": {
        "@noble/curves": "^2.2.0",
        "@noble/hashes": "^2.2.0",
        "@solana/kit": "^7.0.0",
        "@solana/wallet-standard-features": "^1.3.0",
        "@solana/wallet-standard-util": "^1.1.2",
        "@wallet-standard/core": "^1.1.1"
      },
      "devDependencies": {
        "@solana/web3.js": "^1.98.4",
        "@types/react-native": "^0.69.3",
        "agadoo": "^3.0.0",
        "cross-env": "^10.1.0",
        "shx": "^0.4.0"
      },
      "peerDependencies": {
        "react-native": ">0.74"
      }
    },
    "../../../node_modules/.pnpm/@solana+kit@8.3.0_bufferuti_72ff1e384f1822871d26f1b40be339bb/node_modules/@solana/kit": {
      "version": "8.3.0",
      "license": "MIT",
      "dependencies": {
        "@solana/accounts": "8.3.0",
        "@solana/addresses": "8.3.0",
        "@solana/codecs": "8.3.0",
        "@solana/errors": "8.3.0",
        "@solana/functional": "8.3.0",
        "@solana/instruction-plans": "8.3.0",
        "@solana/instructions": "8.3.0",
        "@solana/keys": "8.3.0",
        "@solana/offchain-messages": "8.3.0",
        "@solana/plugin-core": "8.3.0",
        "@solana/plugin-interfaces": "8.3.0",
        "@solana/program-client-core": "8.3.0",
        "@solana/programs": "8.3.0",
        "@solana/promises": "8.3.0",
        "@solana/rpc": "8.3.0",
        "@solana/rpc-api": "8.3.0",
        "@solana/rpc-parsed-types": "8.3.0",
        "@solana/rpc-spec-types": "8.3.0",
        "@solana/rpc-subscriptions": "8.3.0",
        "@solana/rpc-types": "8.3.0",
        "@solana/signers": "8.3.0",
        "@solana/subscribable": "8.3.0",
        "@solana/sysvars": "8.3.0",
        "@solana/transaction-confirmation": "8.3.0",
        "@solana/transaction-introspection": "8.3.0",
        "@solana/transaction-messages": "8.3.0",
        "@solana/transactions": "8.3.0"
      },
      "engines": {
        "node": ">=20.18.0"
      },
      "peerDependencies": {
        "typescript": ">=5.4.0"
      },
      "peerDependenciesMeta": {
        "typescript": {
          "optional": true
        }
      }
    },
    "../../../node_modules/.pnpm/@solana+spl-token@0.4.15_@s_74211f13a1a56343978b6f0299e07fb5/node_modules/@solana/spl-token": {
      "version": "0.4.15",
      "license": "Apache-2.0",
      "dependencies": {
        "@solana/buffer-layout": "^4.0.0",
        "@solana/buffer-layout-utils": "^0.3.0",
        "@solana/spl-token-group": "^0.0.7",
        "@solana/spl-token-metadata": "^0.1.6",
        "buffer": "^6.0.3"
      },
      "devDependencies": {
        "@solana/codecs-strings": "7.0.0",
        "@solana/prettier-config-solana": "0.0.7",
        "@solana/spl-memo": "0.2.5",
        "@solana/web3.js": "^1.95.5",
        "@types/chai": "^5.0.1",
        "@types/chai-as-promised": "^8.0.1",
        "@types/mocha": "^10.0.10",
        "@types/node": "^26.0.0",
        "@types/node-fetch": "^2.6.12",
        "@typescript-eslint/eslint-plugin": "^8.4.0",
        "@typescript-eslint/parser": "^8.4.0",
        "chai": "^6.0.1",
        "chai-as-promised": "^8.0.1",
        "eslint": "^8.57.0",
        "eslint-config-prettier": "^10.0.1",
        "eslint-plugin-prettier": "^5.2.1",
        "eslint-plugin-require-extensions": "^0.1.1",
        "gh-pages": "^6.3.0",
        "mocha": "^11.0.1",
        "prettier": "^3.4.2",
        "process": "^0.11.10",
        "shx": "^0.4.0",
        "ts-node": "^10.9.2",
        "typedoc": "^0.28.0",
        "typescript": "^6.0.3"
      },
      "engines": {
        "node": ">=16"
      },
      "peerDependencies": {
        "@solana/web3.js": "^1.95.5"
      }
    },
    "../../../node_modules/.pnpm/@solana+web3.js@1.99.0_buff_ab67fb412d001e639aa2a272707ca4d5/node_modules/@solana/web3.js": {
      "version": "1.99.0",
      "license": "MIT",
      "dependencies": {
        "@babel/runtime": "^7.29.7",
        "@noble/curves": "^1.9.7",
        "@noble/hashes": "^1.8.0",
        "@solana/buffer-layout": "^4.0.1",
        "@solana/codecs-numbers": "^5.5.1",
        "agentkeepalive": "^4.6.0",
        "bn.js": "^5.2.5",
        "borsh": "^0.7.0",
        "bs58": "^4.0.1",
        "buffer": "6.0.3",
        "fast-stable-stringify": "^1.0.0",
        "jayson": "^4.3.0",
        "node-fetch": "^2.7.0",
        "rpc-websockets": "^9.0.2",
        "superstruct": "^2.0.2"
      }
    },
    "../../../node_modules/.pnpm/@types+react@18.3.31/node_modules/@types/react": {
      "version": "18.3.31",
      "dev": true,
      "license": "MIT",
      "dependencies": {
        "@types/prop-types": "*",
        "csstype": "^3.2.2"
      }
    },
    "../../../node_modules/.pnpm/bs58@6.0.0/node_modules/bs58": {
      "version": "6.0.0",
      "license": "MIT",
      "dependencies": {
        "base-x": "^5.0.0"
      },
      "devDependencies": {
        "@types/node": "^20.14.8",
        "rimraf": "^5.0.7",
        "tape": "^5.3.0",
        "ts-standard": "^12.0.2",
        "typescript": "^5.5.2"
      }
    },
    "../../../node_modules/.pnpm/buffer@6.0.3/node_modules/buffer": {
      "version": "6.0.3",
      "funding": [
        {
          "type": "github",
          "url": "https://github.com/sponsors/feross"
        },
        {
          "type": "patreon",
          "url": "https://www.patreon.com/feross"
        },
        {
          "type": "consulting",
          "url": "https://feross.org/support"
        }
      ],
      "license": "MIT",
      "dependencies": {
        "base64-js": "^1.3.1",
        "ieee754": "^1.2.1"
      },
      "devDependencies": {
        "airtap": "^3.0.0",
        "benchmark": "^2.1.4",
        "browserify": "^17.0.0",
        "concat-stream": "^2.0.0",
        "hyperquest": "^2.1.3",
        "is-buffer": "^2.0.5",
        "is-nan": "^1.3.0",
        "split": "^1.0.1",
        "standard": "*",
        "tape": "^5.0.1",
        "through2": "^4.0.2",
        "uglify-js": "^3.11.5"
      }
    },
    "../../../node_modules/.pnpm/expo-asset@11.0.4_expo@52.0_21be05e5b5bd8a98b61bd441fcfd3671/node_modules/expo-asset": {
      "version": "11.0.4",
      "license": "MIT",
      "dependencies": {
        "@expo/image-utils": "^0.6.5",
        "expo-constants": "~17.0.7",
        "invariant": "^2.2.4",
        "md5-file": "^3.2.3"
      },
      "devDependencies": {
        "@testing-library/react-native": "^12.5.2",
        "expo-module-scripts": "^4.0.4"
      },
      "peerDependencies": {
        "expo": "*",
        "react": "*",
        "react-native": "*"
      }
    },
    "../../../node_modules/.pnpm/expo-linking@7.0.5_expo@52._e8e4124b921f08ae2271ed2d141c73fb/node_modules/expo-linking": {
      "version": "7.0.5",
      "license": "MIT",
      "dependencies": {
        "expo-constants": "~17.0.5",
        "invariant": "^2.2.4"
      },
      "devDependencies": {
        "expo-module-scripts": "^4.0.3"
      },
      "peerDependencies": {
        "react": "*",
        "react-native": "*"
      }
    },
    "../../../node_modules/.pnpm/expo-status-bar@2.0.1_react_f0edd533f162cae59c21e7d4c0a950ec/node_modules/expo-status-bar": {
      "version": "2.0.1",
      "license": "MIT",
      "devDependencies": {
        "@testing-library/jest-dom": "^5.16.5",
        "@testing-library/react": "^15.0.7",
        "@testing-library/react-native": "^12.5.1",
        "expo-module-scripts": "^4.0.3"
      },
      "peerDependencies": {
        "react": "*",
        "react-native": "*"
      }
    },
    "../../../node_modules/.pnpm/expo@52.0.49_@babel+core@7._774a7ff0d2940875717b659db8c669e5/node_modules/expo": {
      "version": "52.0.49",
      "license": "MIT",
      "dependencies": {
        "@babel/runtime": "^7.20.0",
        "@expo/cli": "0.22.28",
        "@expo/config": "~10.0.11",
        "@expo/config-plugins": "~9.0.17",
        "@expo/fingerprint": "0.11.11",
        "@expo/metro-config": "0.19.12",
        "@expo/vector-icons": "~14.0.4",
        "babel-preset-expo": "~12.0.12",
        "expo-asset": "~11.0.5",
        "expo-constants": "~17.0.8",
        "expo-file-system": "~18.0.12",
        "expo-font": "~13.0.4",
        "expo-keep-awake": "~14.0.3",
        "expo-modules-autolinking": "2.0.8",
        "expo-modules-core": "2.2.3",
        "fbemitter": "^3.0.0",
        "web-streams-polyfill": "^3.3.2",
        "whatwg-url-without-unicode": "8.0.0-3"
      },
      "bin": {
        "expo": "bin/cli",
        "expo-modules-autolinking": "bin/autolinking",
        "fingerprint": "bin/fingerprint"
      },
      "devDependencies": {
        "@types/react": "~18.3.12",
        "@types/react-test-renderer": "^18.3.0",
        "expo-module-scripts": "^4.0.5",
        "react": "18.3.1",
        "react-dom": "18.3.1",
        "react-native": "0.76.9"
      },
      "peerDependencies": {
        "@expo/dom-webview": "*",
        "@expo/metro-runtime": "*",
        "react": "*",
        "react-native": "*",
        "react-native-webview": "*"
      },
      "peerDependenciesMeta": {
        "@expo/dom-webview": {
          "optional": true
        },
        "@expo/metro-runtime": {
          "optional": true
        },
        "react-native-webview": {
          "optional": true
        }
      }
    },
    "../../../node_modules/.pnpm/metro-core@0.81.0/node_modules/metro-core": {
      "version": "0.81.0",
      "dev": true,
      "license": "MIT",
      "dependencies": {
        "flow-enums-runtime": "^0.0.6",
        "lodash.throttle": "^4.1.1",
        "metro-resolver": "0.81.0"
      },
      "engines": {
        "node": ">=18.18"
      }
    },
    "../../../node_modules/.pnpm/metro@0.81.0_bufferutil@4.1_009b0ef66312faab8a15a0078c20ea86/node_modules/metro": {
      "version": "0.81.0",
      "dev": true,
      "license": "MIT",
      "dependencies": {
        "@babel/code-frame": "^7.24.7",
        "@babel/core": "^7.25.2",
        "@babel/generator": "^7.25.0",
        "@babel/parser": "^7.25.3",
        "@babel/template": "^7.25.0",
        "@babel/traverse": "^7.25.3",
        "@babel/types": "^7.25.2",
        "accepts": "^1.3.7",
        "chalk": "^4.0.0",
        "ci-info": "^2.0.0",
        "connect": "^3.6.5",
        "debug": "^2.2.0",
        "denodeify": "^1.2.1",
        "error-stack-parser": "^2.0.6",
        "flow-enums-runtime": "^0.0.6",
        "graceful-fs": "^4.2.4",
        "hermes-parser": "0.24.0",
        "image-size": "^1.0.2",
        "invariant": "^2.2.4",
        "jest-worker": "^29.6.3",
        "jsc-safe-url": "^0.2.2",
        "lodash.throttle": "^4.1.1",
        "metro-babel-transformer": "0.81.0",
        "metro-cache": "0.81.0",
        "metro-cache-key": "0.81.0",
        "metro-config": "0.81.0",
        "metro-core": "0.81.0",
        "metro-file-map": "0.81.0",
        "metro-resolver": "0.81.0",
        "metro-runtime": "0.81.0",
        "metro-source-map": "0.81.0",
        "metro-symbolicate": "0.81.0",
        "metro-transform-plugins": "0.81.0",
        "metro-transform-worker": "0.81.0",
        "mime-types": "^2.1.27",
        "nullthrows": "^1.1.1",
        "serialize-error": "^2.1.0",
        "source-map": "^0.5.6",
        "strip-ansi": "^6.0.0",
        "throat": "^5.0.0",
        "ws": "^7.5.10",
        "yargs": "^17.6.2"
      },
      "bin": {
        "metro": "src/cli.js"
      },
      "devDependencies": {
        "@babel/plugin-transform-flow-strip-types": "^7.25.2",
        "@babel/plugin-transform-modules-commonjs": "^7.24.8",
        "@react-native/babel-preset": "0.73.16",
        "@react-native/metro-babel-transformer": "0.73.11",
        "babel-jest": "^29.6.3",
        "dedent": "^0.7.0",
        "jest-snapshot": "^29.6.3",
        "jest-snapshot-serializer-raw": "^1.2.0",
        "metro-babel-register": "0.81.0",
        "metro-memory-fs": "0.81.0",
        "mock-req": "^0.2.0",
        "mock-res": "^0.6.0",
        "stack-trace": "^0.0.10"
      },
      "engines": {
        "node": ">=18.18"
      }
    },
    "../../../node_modules/.pnpm/react-native-get-random-val_2abdff3c9c584b5700c05fffc438b903/node_modules/react-native-get-random-values": {
      "version": "1.11.0",
      "license": "MIT",
      "dependencies": {
        "fast-base64-decode": "^1.0.0"
      },
      "peerDependencies": {
        "react-native": ">=0.56"
      }
    },
    "../../../node_modules/.pnpm/react-native-svg@15.8.0_rea_076b9097508204e11373093d8ac9e645/node_modules/react-native-svg": {
      "version": "15.8.0",
      "license": "MIT",
      "dependencies": {
        "css-select": "^5.1.0",
        "css-tree": "^1.1.3",
        "warn-once": "0.1.1"
      },
      "devDependencies": {
        "@react-native-community/eslint-config": "^3.0.2",
        "@react-native-community/eslint-plugin": "^1.2.0",
        "@react-native/babel-plugin-codegen": "^0.75.4",
        "@react-native/babel-preset": "^0.75.4",
        "@react-native/eslint-config": "^0.72.2",
        "@types/css-tree": "^1.0.3",
        "@types/jest": "^27.5.2",
        "@types/node": "*",
        "@types/pixelmatch": "^5.2.0",
        "@types/pngjs": "^6.0.5",
        "@types/react": "^18.2.18",
        "@types/ws": "^8.5.10",
        "@typescript-eslint/eslint-plugin": "^5.11.0",
        "@typescript-eslint/parser": "^5.11.0",
        "babel-eslint": "^10.1.0",
        "babel-jest": "^28.1.0",
        "babel-plugin-module-resolver": "^5.0.0",
        "clang-format": "^1.8.0",
        "eslint": "^8.44.0",
        "eslint-config-prettier": "^8.3.0",
        "eslint-config-standard": "^17.0.0",
        "eslint-import-resolver-babel-module": "^5.3.2",
        "eslint-plugin-import": "^2.25.4",
        "eslint-plugin-n": "^16.0.0",
        "eslint-plugin-promise": "^6.1.1",
        "eslint-plugin-react-hooks": "^4.6.0",
        "eslint-plugin-standard": "^5.0.0",
        "husky": "^8.0.1",
        "jest": "^28.1.0",
        "jest-html-reporters": "^3.1.7",
        "lint-staged": "^13.0.3",
        "peggy": "4.0.3",
        "pegjs": "^0.10.0",
        "pixelmatch": "5.3.0",
        "pngjs": "^7.0.0",
        "prettier": "3.0.1",
        "puppeteer": "^22.12.1",
        "react": "^18.2.0",
        "react-native": "^0.72.3",
        "react-native-builder-bob": "^0.20.4",
        "react-native-windows": "^0.72.4",
        "react-test-renderer": "^18.2.0",
        "release-it": "^14.12.5",
        "ts-node": "^10.9.2",
        "typescript": "^5.1.6",
        "ws": "^8.18.0"
      },
      "peerDependencies": {
        "react": "*",
        "react-native": "*"
      }
    },
    "../../../node_modules/.pnpm/react-native-url-polyfill@2_cfd697013d2e3c99e94267ae239feade/node_modules/react-native-url-polyfill": {
      "version": "2.0.0",
      "license": "MIT",
      "dependencies": {
        "whatwg-url-without-unicode": "8.0.0-3"
      },
      "devDependencies": {
        "@react-native-community/eslint-config": "3.2.0",
        "detox": "20.9.1",
        "eslint": "8.44.0",
        "eslint-plugin-prettier": "4.2.1",
        "husky": "8.0.3",
        "jest": "29.5.0",
        "lint-staged": "13.2.3",
        "metro-react-native-babel-preset": "0.76.7",
        "nanoid": "3.3.6",
        "prettier": "2.8.8",
        "react": "18.2.0",
        "react-native": "0.72.1",
        "react-native-bundle-scale": "1.1.0",
        "typescript": "5.1.6"
      },
      "peerDependencies": {
        "react-native": "*"
      }
    },
    "../../../node_modules/.pnpm/react-native@0.76.7_@babel+_49f558c8a9e3a8efce6d8b48fbe10571/node_modules/react-native": {
      "version": "0.76.7",
      "license": "MIT",
      "dependencies": {
        "@jest/create-cache-key-function": "^29.6.3",
        "@react-native/assets-registry": "0.76.7",
        "@react-native/codegen": "0.76.7",
        "@react-native/community-cli-plugin": "0.76.7",
        "@react-native/gradle-plugin": "0.76.7",
        "@react-native/js-polyfills": "0.76.7",
        "@react-native/normalize-colors": "0.76.7",
        "@react-native/virtualized-lists": "0.76.7",
        "abort-controller": "^3.0.0",
        "anser": "^1.4.9",
        "ansi-regex": "^5.0.0",
        "babel-jest": "^29.7.0",
        "babel-plugin-syntax-hermes-parser": "^0.23.1",
        "base64-js": "^1.5.1",
        "chalk": "^4.0.0",
        "commander": "^12.0.0",
        "event-target-shim": "^5.0.1",
        "flow-enums-runtime": "^0.0.6",
        "glob": "^7.1.1",
        "invariant": "^2.2.4",
        "jest-environment-node": "^29.6.3",
        "jsc-android": "^250231.0.0",
        "memoize-one": "^5.0.0",
        "metro-runtime": "^0.81.0",
        "metro-source-map": "^0.81.0",
        "mkdirp": "^0.5.1",
        "nullthrows": "^1.1.1",
        "pretty-format": "^29.7.0",
        "promise": "^8.3.0",
        "react-devtools-core": "^5.3.1",
        "react-refresh": "^0.14.0",
        "regenerator-runtime": "^0.13.2",
        "scheduler": "0.24.0-canary-efb381bbf-20230505",
        "semver": "^7.1.3",
        "stacktrace-parser": "^0.1.10",
        "whatwg-fetch": "^3.0.0",
        "ws": "^6.2.3",
        "yargs": "^17.6.2"
      },
      "bin": {
        "react-native": "cli.js"
      },
      "engines": {
        "node": ">=18"
      },
      "peerDependencies": {
        "@types/react": "^18.2.6",
        "react": "^18.2.0"
      },
      "peerDependenciesMeta": {
        "@types/react": {
          "optional": true
        }
      }
    },
    "../../../node_modules/.pnpm/react@18.3.1/node_modules/react": {
      "version": "18.3.1",
      "license": "MIT",
      "dependencies": {
        "loose-envify": "^1.1.0"
      },
      "engines": {
        "node": ">=0.10.0"
      }
    },
    "../../../node_modules/.pnpm/typescript@5.3.3/node_modules/typescript": {
      "version": "5.3.3",
      "dev": true,
      "license": "Apache-2.0",
      "bin": {
        "tsc": "bin/tsc",
        "tsserver": "bin/tsserver"
      },
      "devDependencies": {
        "@esfx/canceltoken": "^1.0.0",
        "@octokit/rest": "^19.0.13",
        "@types/chai": "^4.3.4",
        "@types/glob": "^8.1.0",
        "@types/microsoft__typescript-etw": "^0.1.1",
        "@types/minimist": "^1.2.2",
        "@types/mocha": "^10.0.1",
        "@types/ms": "^0.7.31",
        "@types/node": "latest",
        "@types/source-map-support": "^0.5.6",
        "@types/which": "^2.0.1",
        "@typescript-eslint/eslint-plugin": "^6.0.0",
        "@typescript-eslint/parser": "^6.0.0",
        "@typescript-eslint/utils": "^6.0.0",
        "azure-devops-node-api": "^12.0.0",
        "c8": "^7.14.0",
        "chai": "^4.3.7",
        "chalk": "^4.1.2",
        "chokidar": "^3.5.3",
        "diff": "^5.1.0",
        "dprint": "^0.42.3",
        "esbuild": "^0.19.0",
        "eslint": "^8.22.0",
        "eslint-formatter-autolinkable-stylish": "^1.2.0",
        "eslint-plugin-local": "^1.0.0",
        "eslint-plugin-no-null": "^1.0.2",
        "eslint-plugin-simple-import-sort": "^10.0.0",
        "fast-xml-parser": "^4.0.11",
        "glob": "^8.1.0",
        "hereby": "^1.6.4",
        "jsonc-parser": "^3.2.0",
        "minimist": "^1.2.8",
        "mocha": "^10.2.0",
        "mocha-fivemat-progress-reporter": "^0.1.0",
        "ms": "^2.1.3",
        "node-fetch": "^3.2.10",
        "playwright": "^1.38.0",
        "source-map-support": "^0.5.21",
        "tslib": "^2.5.0",
        "typescript": "^5.0.2",
        "which": "^2.0.2"
      },
      "engines": {
        "node": ">=14.17"
      }
    },
    "node_modules/@expo/metro-config": {
      "resolved": "../../../node_modules/.pnpm/@expo+metro-config@57.0.12__87d1065ab9a3e676b7567a6e446a6ff7/node_modules/@expo/metro-config",
      "link": true
    },
    "node_modules/@react-native-community/cli": {
      "resolved": "../../../node_modules/.pnpm/@react-native-community+cli_65c3f391314a302a822c46a297fda88d/node_modules/@react-native-community/cli",
      "link": true
    },
    "node_modules/@solana-mobile/mobile-wallet-adapter-protocol": {
      "resolved": "../../../node_modules/.pnpm/@solana-mobile+mobile-walle_f4be9704db7173d5fcd0218a37540168/node_modules/@solana-mobile/mobile-wallet-adapter-protocol",
      "link": true
    },
    "node_modules/@solana-mobile/mobile-wallet-adapter-protocol-web3js": {
      "resolved": "../../../node_modules/.pnpm/@solana-mobile+mobile-walle_34ae263a63bac029a658f1a69f8ab50f/node_modules/@solana-mobile/mobile-wallet-adapter-protocol-web3js",
      "link": true
    },
    "node_modules/@solana/kit": {
      "resolved": "../../../node_modules/.pnpm/@solana+kit@8.3.0_bufferuti_72ff1e384f1822871d26f1b40be339bb/node_modules/@solana/kit",
      "link": true
    },
    "node_modules/@solana/spl-token": {
      "resolved": "../../../node_modules/.pnpm/@solana+spl-token@0.4.15_@s_74211f13a1a56343978b6f0299e07fb5/node_modules/@solana/spl-token",
      "link": true
    },
    "node_modules/@solana/web3.js": {
      "resolved": "../../../node_modules/.pnpm/@solana+web3.js@1.99.0_buff_ab67fb412d001e639aa2a272707ca4d5/node_modules/@solana/web3.js",
      "link": true
    },
    "node_modules/@types/react": {
      "resolved": "../../../node_modules/.pnpm/@types+react@18.3.31/node_modules/@types/react",
      "link": true
    },
    "node_modules/bs58": {
      "resolved": "../../../node_modules/.pnpm/bs58@6.0.0/node_modules/bs58",
      "link": true
    },
    "node_modules/buffer": {
      "resolved": "../../../node_modules/.pnpm/buffer@6.0.3/node_modules/buffer",
      "link": true
    },
    "node_modules/expo": {
      "resolved": "../../../node_modules/.pnpm/expo@52.0.49_@babel+core@7._774a7ff0d2940875717b659db8c669e5/node_modules/expo",
      "link": true
    },
    "node_modules/expo-asset": {
      "resolved": "../../../node_modules/.pnpm/expo-asset@11.0.4_expo@52.0_21be05e5b5bd8a98b61bd441fcfd3671/node_modules/expo-asset",
      "link": true
    },
    "node_modules/expo-linking": {
      "resolved": "../../../node_modules/.pnpm/expo-linking@7.0.5_expo@52._e8e4124b921f08ae2271ed2d141c73fb/node_modules/expo-linking",
      "link": true
    },
    "node_modules/expo-modules-core": {
      "version": "2.2.3",
      "resolved": "https://registry.npmjs.org/expo-modules-core/-/expo-modules-core-2.2.3.tgz",
      "integrity": "sha512-01QqZzpP/wWlxnNly4G06MsOBUTbMDj02DQigZoXfDh80vd/rk3/uVXqnZgOdLSggTs6DnvOgAUy0H2q30XdUg==",
      "license": "MIT",
      "dependencies": {
        "invariant": "^2.2.4"
      }
    },
    "node_modules/expo-secure-store": {
      "version": "14.0.1",
      "resolved": "https://registry.npmjs.org/expo-secure-store/-/expo-secure-store-14.0.1.tgz",
      "integrity": "sha512-QUS+j4+UG4jRQalgnpmTvvrFnMVLqPiUZRzYPnG3+JrZ5kwVW2w6YS3WWerPoR7C6g3y/a2htRxRSylsDs+TaQ==",
      "license": "MIT",
      "peerDependencies": {
        "expo": "*"
      }
    },
    "node_modules/expo-status-bar": {
      "resolved": "../../../node_modules/.pnpm/expo-status-bar@2.0.1_react_f0edd533f162cae59c21e7d4c0a950ec/node_modules/expo-status-bar",
      "link": true
    },
    "node_modules/invariant": {
      "version": "2.2.4",
      "resolved": "https://registry.npmjs.org/invariant/-/invariant-2.2.4.tgz",
      "integrity": "sha512-phJfQVBuaJM5raOpJjSfkiD6BpbCE4Ns//LaXl6wGYtUBY83nWS6Rf9tXm2e8VaK60JEjYldbPif/A2B1C2gNA==",
      "license": "MIT",
      "dependencies": {
        "loose-envify": "^1.0.0"
      }
    },
    "node_modules/js-tokens": {
      "version": "4.0.0",
      "resolved": "https://registry.npmjs.org/js-tokens/-/js-tokens-4.0.0.tgz",
      "integrity": "sha512-RdJUflcE3cUzKiMqQgsCu06FPu9UdIJO0beYbPhHN4k6apgJtifcoCtT9bcxOpYBtpD2kCM6Sbzg4CausW/PKQ==",
      "license": "MIT"
    },
    "node_modules/loose-envify": {
      "version": "1.4.0",
      "resolved": "https://registry.npmjs.org/loose-envify/-/loose-envify-1.4.0.tgz",
      "integrity": "sha512-lyuxPGr/Wfhrlem2CL/UcnUc1zcqKAImBDzukY7Y5F/yQiNdko6+fRLevlw1HgMySw7f611UIY408EtxRSoK3Q==",
      "license": "MIT",
      "dependencies": {
        "js-tokens": "^3.0.0 || ^4.0.0"
      },
      "bin": {
        "loose-envify": "cli.js"
      }
    },
    "node_modules/metro": {
      "resolved": "../../../node_modules/.pnpm/metro@0.81.0_bufferutil@4.1_009b0ef66312faab8a15a0078c20ea86/node_modules/metro",
      "link": true
    },
    "node_modules/metro-core": {
      "resolved": "../../../node_modules/.pnpm/metro-core@0.81.0/node_modules/metro-core",
      "link": true
    },
    "node_modules/react": {
      "resolved": "../../../node_modules/.pnpm/react@18.3.1/node_modules/react",
      "link": true
    },
    "node_modules/react-native": {
      "resolved": "../../../node_modules/.pnpm/react-native@0.76.7_@babel+_49f558c8a9e3a8efce6d8b48fbe10571/node_modules/react-native",
      "link": true
    },
    "node_modules/react-native-get-random-values": {
      "resolved": "../../../node_modules/.pnpm/react-native-get-random-val_2abdff3c9c584b5700c05fffc438b903/node_modules/react-native-get-random-values",
      "link": true
    },
    "node_modules/react-native-svg": {
      "resolved": "../../../node_modules/.pnpm/react-native-svg@15.8.0_rea_076b9097508204e11373093d8ac9e645/node_modules/react-native-svg",
      "link": true
    },
    "node_modules/react-native-url-polyfill": {
      "resolved": "../../../node_modules/.pnpm/react-native-url-polyfill@2_cfd697013d2e3c99e94267ae239feade/node_modules/react-native-url-polyfill",
      "link": true
    },
    "node_modules/typescript": {
      "resolved": "../../../node_modules/.pnpm/typescript@5.3.3/node_modules/typescript",
      "link": true
    }
  }
}
